
Microsoft Visual Studio Solution File, Format Version 12.00
# Visual Studio 15
VisualStudioVersion = 15.0.26228.12
MinimumVisualStudioVersion = 10.0.40219.1
Project("{FAE04EC0-301F-11D3-BF4B-00C04F79EFBC}") = "Lecture", "Lecture\Lecture.csproj", "{8DC64240-D2AD-46DF-B75B-D6F015774284}"
EndProject
Project("{FAE04EC0-301F-11D3-BF4B-00C04F79EFBC}") = "OldMacDonald", "OldMacDonald\OldMacDonald.csproj", "{0A79DD0E-7B4C-4249-9855-328FBD350894}"
EndProject
Global
	GlobalSection(SolutionConfigurationPlatforms) = preSolution
		Debug|Any CPU = Debug|Any CPU
		Release|Any CPU = Release|Any CPU
	EndGlobalSection
	GlobalSection(ProjectConfigurationPlatforms) = postSolution
		{8DC64240-D2AD-46DF-B75B-D6F015774284}.Debug|Any CPU.ActiveCfg = Debug|Any CPU
		{8DC64240-D2AD-46DF-B75B-D6F015774284}.Debug|Any CPU.Build.0 = Debug|Any CPU
		{8DC64240-D2AD-46DF-B75B-D6F015774284}.Release|Any CPU.ActiveCfg = Release|Any CPU
		{8DC64240-D2AD-46DF-B75B-D6F015774284}.Release|Any CPU.Build.0 = Release|Any CPU
		{0A79DD0E-7B4C-4249-9855-328FBD350894}.Debug|Any CPU.ActiveCfg = Debug|Any CPU
		{0A79DD0E-7B4C-4249-9855-328FBD350894}.Debug|Any CPU.Build.0 = Debug|Any CPU
		{0A79DD0E-7B4C-4249-9855-328FBD350894}.Release|Any CPU.ActiveCfg = Release|Any CPU
		{0A79DD0E-7B4C-4249-9855-328FBD350894}.Release|Any CPU.Build.0 = Release|Any CPU
	EndGlobalSection
	GlobalSection(SolutionProperties) = preSolution
		HideSolutionNode = FALSE
	EndGlobalSection
EndGlobal
