
Microsoft Visual Studio Solution File, Format Version 12.00
# Visual Studio 14
VisualStudioVersion = 14.0.23107.0
MinimumVisualStudioVersion = 10.0.40219.1
Project("{FAE04EC0-301F-11D3-BF4B-00C04F79EFBC}") = "InheritanceLecture", "InheritanceExercise\InheritanceLecture.csproj", "{E62F8E46-B238-40B7-9539-52ABB075B879}"
EndProject
Project("{FAE04EC0-301F-11D3-BF4B-00C04F79EFBC}") = "InheritanceLectureTests", "InheritanceLectureTests\InheritanceLectureTests.csproj", "{51485F12-B716-43D2-9527-2F0D6ED98B74}"
EndProject
Global
	GlobalSection(SolutionConfigurationPlatforms) = preSolution
		Debug|Any CPU = Debug|Any CPU
		Release|Any CPU = Release|Any CPU
	EndGlobalSection
	GlobalSection(ProjectConfigurationPlatforms) = postSolution
		{E62F8E46-B238-40B7-9539-52ABB075B879}.Debug|Any CPU.ActiveCfg = Debug|Any CPU
		{E62F8E46-B238-40B7-9539-52ABB075B879}.Debug|Any CPU.Build.0 = Debug|Any CPU
		{E62F8E46-B238-40B7-9539-52ABB075B879}.Release|Any CPU.ActiveCfg = Release|Any CPU
		{E62F8E46-B238-40B7-9539-52ABB075B879}.Release|Any CPU.Build.0 = Release|Any CPU
		{51485F12-B716-43D2-9527-2F0D6ED98B74}.Debug|Any CPU.ActiveCfg = Debug|Any CPU
		{51485F12-B716-43D2-9527-2F0D6ED98B74}.Debug|Any CPU.Build.0 = Debug|Any CPU
		{51485F12-B716-43D2-9527-2F0D6ED98B74}.Release|Any CPU.ActiveCfg = Release|Any CPU
		{51485F12-B716-43D2-9527-2F0D6ED98B74}.Release|Any CPU.Build.0 = Release|Any CPU
	EndGlobalSection
	GlobalSection(SolutionProperties) = preSolution
		HideSolutionNode = FALSE
	EndGlobalSection
EndGlobal
