
Microsoft Visual Studio Solution File, Format Version 12.00
# Visual Studio 14
VisualStudioVersion = 14.0.23107.0
MinimumVisualStudioVersion = 10.0.40219.1
Project("{FAE04EC0-301F-11D3-BF4B-00C04F79EFBC}") = "DictionaryCollection", "DictionaryCollection\DictionaryCollection.csproj", "{C18FA2F4-381C-43E4-9474-E6707F423CFF}"
EndProject
Global
	GlobalSection(SolutionConfigurationPlatforms) = preSolution
		Debug|Any CPU = Debug|Any CPU
		Release|Any CPU = Release|Any CPU
	EndGlobalSection
	GlobalSection(ProjectConfigurationPlatforms) = postSolution
		{C18FA2F4-381C-43E4-9474-E6707F423CFF}.Debug|Any CPU.ActiveCfg = Debug|Any CPU
		{C18FA2F4-381C-43E4-9474-E6707F423CFF}.Debug|Any CPU.Build.0 = Debug|Any CPU
		{C18FA2F4-381C-43E4-9474-E6707F423CFF}.Release|Any CPU.ActiveCfg = Release|Any CPU
		{C18FA2F4-381C-43E4-9474-E6707F423CFF}.Release|Any CPU.Build.0 = Release|Any CPU
	EndGlobalSection
	GlobalSection(SolutionProperties) = preSolution
		HideSolutionNode = FALSE
	EndGlobalSection
EndGlobal
